
Microsoft Visual Studio Solution File, Format Version 12.00
# Visual Studio Version 17
VisualStudioVersion = 17.1.32319.34
MinimumVisualStudioVersion = 10.0.40219.1
Project("{FAE04EC0-301F-11D3-BF4B-00C04F79EFBC}") = "MyFirstApplication", "MyFirstApplication\MyFirstApplication.csproj", "{FFA9E507-ABB7-40BF-82A3-519C7FEE00A3}"
EndProject
Global
	GlobalSection(SolutionConfigurationPlatforms) = preSolution
		Debug|Any CPU = Debug|Any CPU
		Release|Any CPU = Release|Any CPU
	EndGlobalSection
	GlobalSection(ProjectConfigurationPlatforms) = postSolution
		{FFA9E507-ABB7-40BF-82A3-519C7FEE00A3}.Debug|Any CPU.ActiveCfg = Debug|Any CPU
		{FFA9E507-ABB7-40BF-82A3-519C7FEE00A3}.Debug|Any CPU.Build.0 = Debug|Any CPU
		{FFA9E507-ABB7-40BF-82A3-519C7FEE00A3}.Release|Any CPU.ActiveCfg = Release|Any CPU
		{FFA9E507-ABB7-40BF-82A3-519C7FEE00A3}.Release|Any CPU.Build.0 = Release|Any CPU
	EndGlobalSection
	GlobalSection(SolutionProperties) = preSolution
		HideSolutionNode = FALSE
	EndGlobalSection
	GlobalSection(ExtensibilityGlobals) = postSolution
		SolutionGuid = {ED447BF4-A566-4B22-9CE8-C18754AD7190}
	EndGlobalSection
EndGlobal
